
Microsoft Visual Studio Solution File, Format Version 12.00
# Visual Studio Version 17
VisualStudioVersion = 17.0.31903.59
MinimumVisualStudioVersion = 10.0.40219.1
Project("{FAE04EC0-301F-11D3-BF4B-00C04F79EFBC}") = "EduOps.Api", "EduOps.Api\EduOps.Api.csproj", "{1828C5BB-ABCC-4391-A6E9-A19F37629A4B}"
EndProject
Project("{FAE04EC0-301F-11D3-BF4B-00C04F79EFBC}") = "EduOps.Application", "EduOps.Application\EduOps.Application.csproj", "{D70EB3B4-E51A-41ED-B73E-3338510B479E}"
EndProject
Project("{FAE04EC0-301F-11D3-BF4B-00C04F79EFBC}") = "EduOps.Domain", "EduOps.Domain\EduOps.Domain.csproj", "{AF4E528C-EB17-4E39-9B27-E574D52DDF30}"
EndProject
Project("{FAE04EC0-301F-11D3-BF4B-00C04F79EFBC}") = "EduOps.Infrastructure", "EduOps.Infrastructure\EduOps.Infrastructure.csproj", "{F6702213-1C7B-46B3-A90D-9A4A731665F2}"
EndProject
Global
	GlobalSection(SolutionConfigurationPlatforms) = preSolution
		Debug|Any CPU = Debug|Any CPU
		Debug|x64 = Debug|x64
		Debug|x86 = Debug|x86
		Release|Any CPU = Release|Any CPU
		Release|x64 = Release|x64
		Release|x86 = Release|x86
	EndGlobalSection
	GlobalSection(ProjectConfigurationPlatforms) = postSolution
		{1828C5BB-ABCC-4391-A6E9-A19F37629A4B}.Debug|Any CPU.ActiveCfg = Debug|Any CPU
		{1828C5BB-ABCC-4391-A6E9-A19F37629A4B}.Debug|Any CPU.Build.0 = Debug|Any CPU
		{1828C5BB-ABCC-4391-A6E9-A19F37629A4B}.Debug|x64.ActiveCfg = Debug|Any CPU
		{1828C5BB-ABCC-4391-A6E9-A19F37629A4B}.Debug|x64.Build.0 = Debug|Any CPU
		{1828C5BB-ABCC-4391-A6E9-A19F37629A4B}.Debug|x86.ActiveCfg = Debug|Any CPU
		{1828C5BB-ABCC-4391-A6E9-A19F37629A4B}.Debug|x86.Build.0 = Debug|Any CPU
		{1828C5BB-ABCC-4391-A6E9-A19F37629A4B}.Release|Any CPU.ActiveCfg = Release|Any CPU
		{1828C5BB-ABCC-4391-A6E9-A19F37629A4B}.Release|Any CPU.Build.0 = Release|Any CPU
		{1828C5BB-ABCC-4391-A6E9-A19F37629A4B}.Release|x64.ActiveCfg = Release|Any CPU
		{1828C5BB-ABCC-4391-A6E9-A19F37629A4B}.Release|x64.Build.0 = Release|Any CPU
		{1828C5BB-ABCC-4391-A6E9-A19F37629A4B}.Release|x86.ActiveCfg = Release|Any CPU
		{1828C5BB-ABCC-4391-A6E9-A19F37629A4B}.Release|x86.Build.0 = Release|Any CPU
		{D70EB3B4-E51A-41ED-B73E-3338510B479E}.Debug|Any CPU.ActiveCfg = Debug|Any CPU
		{D70EB3B4-E51A-41ED-B73E-3338510B479E}.Debug|Any CPU.Build.0 = Debug|Any CPU
		{D70EB3B4-E51A-41ED-B73E-3338510B479E}.Debug|x64.ActiveCfg = Debug|Any CPU
		{D70EB3B4-E51A-41ED-B73E-3338510B479E}.Debug|x64.Build.0 = Debug|Any CPU
		{D70EB3B4-E51A-41ED-B73E-3338510B479E}.Debug|x86.ActiveCfg = Debug|Any CPU
		{D70EB3B4-E51A-41ED-B73E-3338510B479E}.Debug|x86.Build.0 = Debug|Any CPU
		{D70EB3B4-E51A-41ED-B73E-3338510B479E}.Release|Any CPU.ActiveCfg = Release|Any CPU
		{D70EB3B4-E51A-41ED-B73E-3338510B479E}.Release|Any CPU.Build.0 = Release|Any CPU
		{D70EB3B4-E51A-41ED-B73E-3338510B479E}.Release|x64.ActiveCfg = Release|Any CPU
		{D70EB3B4-E51A-41ED-B73E-3338510B479E}.Release|x64.Build.0 = Release|Any CPU
		{D70EB3B4-E51A-41ED-B73E-3338510B479E}.Release|x86.ActiveCfg = Release|Any CPU
		{D70EB3B4-E51A-41ED-B73E-3338510B479E}.Release|x86.Build.0 = Release|Any CPU
		{AF4E528C-EB17-4E39-9B27-E574D52DDF30}.Debug|Any CPU.ActiveCfg = Debug|Any CPU
		{AF4E528C-EB17-4E39-9B27-E574D52DDF30}.Debug|Any CPU.Build.0 = Debug|Any CPU
		{AF4E528C-EB17-4E39-9B27-E574D52DDF30}.Debug|x64.ActiveCfg = Debug|Any CPU
		{AF4E528C-EB17-4E39-9B27-E574D52DDF30}.Debug|x64.Build.0 = Debug|Any CPU
		{AF4E528C-EB17-4E39-9B27-E574D52DDF30}.Debug|x86.ActiveCfg = Debug|Any CPU
		{AF4E528C-EB17-4E39-9B27-E574D52DDF30}.Debug|x86.Build.0 = Debug|Any CPU
		{AF4E528C-EB17-4E39-9B27-E574D52DDF30}.Release|Any CPU.ActiveCfg = Release|Any CPU
		{AF4E528C-EB17-4E39-9B27-E574D52DDF30}.Release|Any CPU.Build.0 = Release|Any CPU
		{AF4E528C-EB17-4E39-9B27-E574D52DDF30}.Release|x64.ActiveCfg = Release|Any CPU
		{AF4E528C-EB17-4E39-9B27-E574D52DDF30}.Release|x64.Build.0 = Release|Any CPU
		{AF4E528C-EB17-4E39-9B27-E574D52DDF30}.Release|x86.ActiveCfg = Release|Any CPU
		{AF4E528C-EB17-4E39-9B27-E574D52DDF30}.Release|x86.Build.0 = Release|Any CPU
		{F6702213-1C7B-46B3-A90D-9A4A731665F2}.Debug|Any CPU.ActiveCfg = Debug|Any CPU
		{F6702213-1C7B-46B3-A90D-9A4A731665F2}.Debug|Any CPU.Build.0 = Debug|Any CPU
		{F6702213-1C7B-46B3-A90D-9A4A731665F2}.Debug|x64.ActiveCfg = Debug|Any CPU
		{F6702213-1C7B-46B3-A90D-9A4A731665F2}.Debug|x64.Build.0 = Debug|Any CPU
		{F6702213-1C7B-46B3-A90D-9A4A731665F2}.Debug|x86.ActiveCfg = Debug|Any CPU
		{F6702213-1C7B-46B3-A90D-9A4A731665F2}.Debug|x86.Build.0 = Debug|Any CPU
		{F6702213-1C7B-46B3-A90D-9A4A731665F2}.Release|Any CPU.ActiveCfg = Release|Any CPU
		{F6702213-1C7B-46B3-A90D-9A4A731665F2}.Release|Any CPU.Build.0 = Release|Any CPU
		{F6702213-1C7B-46B3-A90D-9A4A731665F2}.Release|x64.ActiveCfg = Release|Any CPU
		{F6702213-1C7B-46B3-A90D-9A4A731665F2}.Release|x64.Build.0 = Release|Any CPU
		{F6702213-1C7B-46B3-A90D-9A4A731665F2}.Release|x86.ActiveCfg = Release|Any CPU
		{F6702213-1C7B-46B3-A90D-9A4A731665F2}.Release|x86.Build.0 = Release|Any CPU
	EndGlobalSection
	GlobalSection(SolutionProperties) = preSolution
		HideSolutionNode = FALSE
	EndGlobalSection
EndGlobal
